<?xml version="1.0" encoding="utf-8"?>
<Project ToolsVersion="4.0" xmlns="http://schemas.microsoft.com/developer/msbuild/2003">
  <ItemGroup>
    <Filter Include="Source Files">
      <UniqueIdentifier>{4FC737F1-C7A5-4376-A066-2A32D752A2FF}</UniqueIdentifier>
      <Extensions>cpp;c;cc;cxx;c++;cppm;ixx;def;odl;idl;hpj;bat;asm;asmx</Extensions>
    </Filter>
    <Filter Include="Header Files">
      <UniqueIdentifier>{93995380-89BD-4b04-88EB-625FBE52EBFB}</UniqueIdentifier>
      <Extensions>h;hh;hpp;hxx;h++;hm;inl;inc;ipp;xsd</Extensions>
    </Filter>
    <Filter Include="Resource Files">
      <UniqueIdentifier>{67DA6AB6-F800-4c08-8B7A-83BB121AAD01}</UniqueIdentifier>
      <Extensions>rc;ico;cur;bmp;dlg;rc2;rct;bin;rgs;gif;jpg;jpeg;jpe;resx;tiff;tif;png;wav;mfcribbon-ms</Extensions>
    </Filter>
    <Filter Include="Header Files\Server">
      <UniqueIdentifier>{a4987d39-2545-430d-ac25-682935958aff}</UniqueIdentifier>
    </Filter>
    <Filter Include="Header Files\Third Party">
      <UniqueIdentifier>{aa0f5160-ae55-4eab-9c1a-c23684fab9e9}</UniqueIdentifier>
    </Filter>
    <Filter Include="Header Files\resources">
      <UniqueIdentifier>{2c14c57c-7f09-4a6d-b8cf-97fbfad1cc8f}</UniqueIdentifier>
    </Filter>
    <Filter Include="Header Files\resources\templates">
      <UniqueIdentifier>{b576b143-7f8e-4426-a362-e030da43adc6}</UniqueIdentifier>
    </Filter>
  </ItemGroup>
  <ItemGroup>
    <ClCompile Include="United Backend.cpp">
      <Filter>Source Files</Filter>
    </ClCompile>
  </ItemGroup>
  <ItemGroup>
    <ClInclude Include="httplib.h">
      <Filter>Header Files</Filter>
    </ClInclude>
    <ClInclude Include="null.h">
      <Filter>Header Files\Server</Filter>
    </ClInclude>
    <ClInclude Include="mcp.h">
      <Filter>Header Files\Server</Filter>
    </ClInclude>
    <ClInclude Include="util.h">
      <Filter>Header Files</Filter>
    </ClInclude>
    <ClInclude Include="settings.h">
      <Filter>Header Files</Filter>
    </ClInclude>
    <ClInclude Include="xmpp.h">
      <Filter>Header Files\Server</Filter>
    </ClInclude>
    <ClInclude Include="json.hpp">
      <Filter>Header Files\Third Party</Filter>
    </ClInclude>
    <ClInclude Include="fortnite-game.h">
      <Filter>Header Files\resources</Filter>
    </ClInclude>
    <ClInclude Include="timeline.h">
      <Filter>Header Files\resources</Filter>
    </ClInclude>
    <ClInclude Include="gen.h">
      <Filter>Header Files\resources\templates</Filter>
    </ClInclude>
  </ItemGroup>
</Project>